
Microsoft Visual Studio Solution File, Format Version 12.00
# Visual Studio Version 17
VisualStudioVersion = 17.2.32519.379
MinimumVisualStudioVersion = 10.0.40219.1
Project("{FAE04EC0-301F-11D3-BF4B-00C04F79EFBC}") = "HTTPp", "HTTPp\HTTPp.csproj", "{065200DF-4289-4A62-B492-0B23B802D22C}"
EndProject
Global
	GlobalSection(SolutionConfigurationPlatforms) = preSolution
		Debug|Any CPU = Debug|Any CPU
		Release|Any CPU = Release|Any CPU
	EndGlobalSection
	GlobalSection(ProjectConfigurationPlatforms) = postSolution
		{065200DF-4289-4A62-B492-0B23B802D22C}.Debug|Any CPU.ActiveCfg = Debug|Any CPU
		{065200DF-4289-4A62-B492-0B23B802D22C}.Debug|Any CPU.Build.0 = Debug|Any CPU
		{065200DF-4289-4A62-B492-0B23B802D22C}.Release|Any CPU.ActiveCfg = Release|Any CPU
		{065200DF-4289-4A62-B492-0B23B802D22C}.Release|Any CPU.Build.0 = Release|Any CPU
	EndGlobalSection
	GlobalSection(SolutionProperties) = preSolution
		HideSolutionNode = FALSE
	EndGlobalSection
	GlobalSection(ExtensibilityGlobals) = postSolution
		SolutionGuid = {99BF1FF6-4BAB-4A31-95F3-EF624EFA5D25}
	EndGlobalSection
EndGlobal
